Microsoft Visual Studio Solution File, Format Version 12.00
# Visual Studio Version 16
VisualStudioVersion = 16.0.29123.88
MinimumVisualStudioVersion = 10.0.40219.1
Project("{9A19103F-16F7-4668-BE54-9A1E7A4F7556}") = "OpenRA.Mods.D2", "OpenRA.Mods.D2\OpenRA.Mods.D2.csproj", "{3B845E07-4689-47BC-90F4-27217B0A2DF6}"
EndProject
Project("{2150E333-8FDC-42A3-9474-1A3956D46DE8}") = "Dune 2 Lua scripts", "Dune 2 Lua scripts", "{B35D533F-BEB6-4674-A466-324EEFD97259}"
	ProjectSection(SolutionItems) = preProject
		mods\d2\maps\scena001\scena001.lua = mods\d2\maps\scena001\scena001.lua
		mods\d2\maps\scena002\scena002-AI.lua = mods\d2\maps\scena002\scena002-AI.lua
		mods\d2\maps\scena002\scena002.lua = mods\d2\maps\scena002\scena002.lua
	EndProjectSection
EndProject
Project("{9A19103F-16F7-4668-BE54-9A1E7A4F7556}") = "OpenRA.Mods.D2k", "engine\OpenRA.Mods.D2k\OpenRA.Mods.D2k.csproj", "{94CEE384-1A88-4DB6-83A4-0E8CAA1A5E5B}"
EndProject
Project("{9A19103F-16F7-4668-BE54-9A1E7A4F7556}") = "OpenRA.Platforms.Default", "engine\OpenRA.Platforms.Default\OpenRA.Platforms.Default.csproj", "{8916DBF2-AA0B-49A9-AB73-714268878655}"
EndProject
Project("{9A19103F-16F7-4668-BE54-9A1E7A4F7556}") = "OpenRA.Game", "engine\OpenRA.Game\OpenRA.Game.csproj", "{6EECB245-4825-4813-B821-92155AC08FA6}"
EndProject
Project("{9A19103F-16F7-4668-BE54-9A1E7A4F7556}") = "OpenRA.Mods.Common", "engine\OpenRA.Mods.Common\OpenRA.Mods.Common.csproj", "{21EEBE77-552E-4604-8880-861A6682D37A}"
EndProject
Project("{9A19103F-16F7-4668-BE54-9A1E7A4F7556}") = "OpenRA.PostProcess", "engine\OpenRA.PostProcess\OpenRA.PostProcess.csproj", "{F8D645AA-9042-414D-AD56-2B0A1C49E179}"
EndProject
Project("{9A19103F-16F7-4668-BE54-9A1E7A4F7556}") = "OpenRA.BaseTypes", "engine\OpenRA.BaseTypes\OpenRA.BaseTypes.csproj", "{FC9BAC3A-BFA0-4341-9C26-F5CABBE9C30D}"
EndProject
Project("{9A19103F-16F7-4668-BE54-9A1E7A4F7556}") = "OpenRA.Mods.Cnc", "engine\OpenRA.Mods.Cnc\OpenRA.Mods.Cnc.csproj", "{22C672E3-6733-4568-AEBE-0E9705BA2312}"
EndProject
Global
	GlobalSection(SolutionConfigurationPlatforms) = preSolution
		Debug|Any CPU = Debug|Any CPU
		Debug|x64 = Debug|x64
		Debug|x86 = Debug|x86
		Release|Any CPU = Release|Any CPU
		Release|x64 = Release|x64
		Release|x86 = Release|x86
		Release-x86|Any CPU = Release-x86|Any CPU
		Release-x86|x64 = Release-x86|x64
		Release-x86|x86 = Release-x86|x86
	EndGlobalSection
	GlobalSection(ProjectConfigurationPlatforms) = postSolution
		{3B845E07-4689-47BC-90F4-27217B0A2DF6}.Debug|Any CPU.ActiveCfg = Debug|Any CPU
		{3B845E07-4689-47BC-90F4-27217B0A2DF6}.Debug|Any CPU.Build.0 = Debug|Any CPU
		{3B845E07-4689-47BC-90F4-27217B0A2DF6}.Debug|x64.ActiveCfg = Debug|x64
		{3B845E07-4689-47BC-90F4-27217B0A2DF6}.Debug|x64.Build.0 = Debug|x64
		{3B845E07-4689-47BC-90F4-27217B0A2DF6}.Debug|x86.ActiveCfg = Debug|Any CPU
		{3B845E07-4689-47BC-90F4-27217B0A2DF6}.Debug|x86.Build.0 = Debug|Any CPU
		{3B845E07-4689-47BC-90F4-27217B0A2DF6}.Release|Any CPU.ActiveCfg = Release|Any CPU
		{3B845E07-4689-47BC-90F4-27217B0A2DF6}.Release|Any CPU.Build.0 = Release|Any CPU
		{3B845E07-4689-47BC-90F4-27217B0A2DF6}.Release|x64.ActiveCfg = Release|Any CPU
		{3B845E07-4689-47BC-90F4-27217B0A2DF6}.Release|x64.Build.0 = Release|Any CPU
		{3B845E07-4689-47BC-90F4-27217B0A2DF6}.Release|x86.ActiveCfg = Release|Any CPU
		{3B845E07-4689-47BC-90F4-27217B0A2DF6}.Release|x86.Build.0 = Release|Any CPU
		{3B845E07-4689-47BC-90F4-27217B0A2DF6}.Release-x86|Any CPU.ActiveCfg = Release|Any CPU
		{3B845E07-4689-47BC-90F4-27217B0A2DF6}.Release-x86|Any CPU.Build.0 = Release|Any CPU
		{3B845E07-4689-47BC-90F4-27217B0A2DF6}.Release-x86|x64.ActiveCfg = Release|Any CPU
		{3B845E07-4689-47BC-90F4-27217B0A2DF6}.Release-x86|x64.Build.0 = Release|Any CPU
		{3B845E07-4689-47BC-90F4-27217B0A2DF6}.Release-x86|x86.ActiveCfg = Release|Any CPU
		{3B845E07-4689-47BC-90F4-27217B0A2DF6}.Release-x86|x86.Build.0 = Release|Any CPU
		{94CEE384-1A88-4DB6-83A4-0E8CAA1A5E5B}.Debug|Any CPU.ActiveCfg = Debug|Any CPU
		{94CEE384-1A88-4DB6-83A4-0E8CAA1A5E5B}.Debug|Any CPU.Build.0 = Debug|Any CPU
		{94CEE384-1A88-4DB6-83A4-0E8CAA1A5E5B}.Debug|x64.ActiveCfg = Debug|x64
		{94CEE384-1A88-4DB6-83A4-0E8CAA1A5E5B}.Debug|x64.Build.0 = Debug|x64
		{94CEE384-1A88-4DB6-83A4-0E8CAA1A5E5B}.Debug|x86.ActiveCfg = Debug|Any CPU
		{94CEE384-1A88-4DB6-83A4-0E8CAA1A5E5B}.Debug|x86.Build.0 = Debug|Any CPU
		{94CEE384-1A88-4DB6-83A4-0E8CAA1A5E5B}.Release|Any CPU.ActiveCfg = Release|Any CPU
		{94CEE384-1A88-4DB6-83A4-0E8CAA1A5E5B}.Release|Any CPU.Build.0 = Release|Any CPU
		{94CEE384-1A88-4DB6-83A4-0E8CAA1A5E5B}.Release|x64.ActiveCfg = Release|Any CPU
		{94CEE384-1A88-4DB6-83A4-0E8CAA1A5E5B}.Release|x64.Build.0 = Release|Any CPU
		{94CEE384-1A88-4DB6-83A4-0E8CAA1A5E5B}.Release|x86.ActiveCfg = Release|Any CPU
		{94CEE384-1A88-4DB6-83A4-0E8CAA1A5E5B}.Release|x86.Build.0 = Release|Any CPU
		{94CEE384-1A88-4DB6-83A4-0E8CAA1A5E5B}.Release-x86|Any CPU.ActiveCfg = Release|Any CPU
		{94CEE384-1A88-4DB6-83A4-0E8CAA1A5E5B}.Release-x86|Any CPU.Build.0 = Release|Any CPU
		{94CEE384-1A88-4DB6-83A4-0E8CAA1A5E5B}.Release-x86|x64.ActiveCfg = Release|Any CPU
		{94CEE384-1A88-4DB6-83A4-0E8CAA1A5E5B}.Release-x86|x64.Build.0 = Release|Any CPU
		{94CEE384-1A88-4DB6-83A4-0E8CAA1A5E5B}.Release-x86|x86.ActiveCfg = Release|Any CPU
		{94CEE384-1A88-4DB6-83A4-0E8CAA1A5E5B}.Release-x86|x86.Build.0 = Release|Any CPU
		{8916DBF2-AA0B-49A9-AB73-714268878655}.Debug|Any CPU.ActiveCfg = Debug|Any CPU
		{8916DBF2-AA0B-49A9-AB73-714268878655}.Debug|Any CPU.Build.0 = Debug|Any CPU
		{8916DBF2-AA0B-49A9-AB73-714268878655}.Debug|x64.ActiveCfg = Debug|x64
		{8916DBF2-AA0B-49A9-AB73-714268878655}.Debug|x64.Build.0 = Debug|x64
		{8916DBF2-AA0B-49A9-AB73-714268878655}.Debug|x86.ActiveCfg = Debug|Any CPU
		{8916DBF2-AA0B-49A9-AB73-714268878655}.Debug|x86.Build.0 = Debug|Any CPU
		{8916DBF2-AA0B-49A9-AB73-714268878655}.Release|Any CPU.ActiveCfg = Release|Any CPU
		{8916DBF2-AA0B-49A9-AB73-714268878655}.Release|Any CPU.Build.0 = Release|Any CPU
		{8916DBF2-AA0B-49A9-AB73-714268878655}.Release|x64.ActiveCfg = Release|Any CPU
		{8916DBF2-AA0B-49A9-AB73-714268878655}.Release|x64.Build.0 = Release|Any CPU
		{8916DBF2-AA0B-49A9-AB73-714268878655}.Release|x86.ActiveCfg = Release|Any CPU
		{8916DBF2-AA0B-49A9-AB73-714268878655}.Release|x86.Build.0 = Release|Any CPU
		{8916DBF2-AA0B-49A9-AB73-714268878655}.Release-x86|Any CPU.ActiveCfg = Release|Any CPU
		{8916DBF2-AA0B-49A9-AB73-714268878655}.Release-x86|Any CPU.Build.0 = Release|Any CPU
		{8916DBF2-AA0B-49A9-AB73-714268878655}.Release-x86|x64.ActiveCfg = Release|Any CPU
		{8916DBF2-AA0B-49A9-AB73-714268878655}.Release-x86|x64.Build.0 = Release|Any CPU
		{8916DBF2-AA0B-49A9-AB73-714268878655}.Release-x86|x86.ActiveCfg = Release|Any CPU
		{8916DBF2-AA0B-49A9-AB73-714268878655}.Release-x86|x86.Build.0 = Release|Any CPU
		{6EECB245-4825-4813-B821-92155AC08FA6}.Debug|Any CPU.ActiveCfg = Debug|Any CPU
		{6EECB245-4825-4813-B821-92155AC08FA6}.Debug|Any CPU.Build.0 = Debug|Any CPU
		{6EECB245-4825-4813-B821-92155AC08FA6}.Debug|x64.ActiveCfg = Debug|x64
		{6EECB245-4825-4813-B821-92155AC08FA6}.Debug|x64.Build.0 = Debug|x64
		{6EECB245-4825-4813-B821-92155AC08FA6}.Debug|x86.ActiveCfg = Debug|Any CPU
		{6EECB245-4825-4813-B821-92155AC08FA6}.Debug|x86.Build.0 = Debug|Any CPU
		{6EECB245-4825-4813-B821-92155AC08FA6}.Release|Any CPU.ActiveCfg = Release|Any CPU
		{6EECB245-4825-4813-B821-92155AC08FA6}.Release|Any CPU.Build.0 = Release|Any CPU
		{6EECB245-4825-4813-B821-92155AC08FA6}.Release|x64.ActiveCfg = Release|Any CPU
		{6EECB245-4825-4813-B821-92155AC08FA6}.Release|x64.Build.0 = Release|Any CPU
		{6EECB245-4825-4813-B821-92155AC08FA6}.Release|x86.ActiveCfg = Release|Any CPU
		{6EECB245-4825-4813-B821-92155AC08FA6}.Release|x86.Build.0 = Release|Any CPU
		{6EECB245-4825-4813-B821-92155AC08FA6}.Release-x86|Any CPU.ActiveCfg = Release-x86|Any CPU
		{6EECB245-4825-4813-B821-92155AC08FA6}.Release-x86|Any CPU.Build.0 = Release-x86|Any CPU
		{6EECB245-4825-4813-B821-92155AC08FA6}.Release-x86|x64.ActiveCfg = Release-x86|Any CPU
		{6EECB245-4825-4813-B821-92155AC08FA6}.Release-x86|x64.Build.0 = Release-x86|Any CPU
		{6EECB245-4825-4813-B821-92155AC08FA6}.Release-x86|x86.ActiveCfg = Release-x86|Any CPU
		{6EECB245-4825-4813-B821-92155AC08FA6}.Release-x86|x86.Build.0 = Release-x86|Any CPU
		{21EEBE77-552E-4604-8880-861A6682D37A}.Debug|Any CPU.ActiveCfg = Debug|Any CPU
		{21EEBE77-552E-4604-8880-861A6682D37A}.Debug|Any CPU.Build.0 = Debug|Any CPU
		{21EEBE77-552E-4604-8880-861A6682D37A}.Debug|x64.ActiveCfg = Debug|x64
		{21EEBE77-552E-4604-8880-861A6682D37A}.Debug|x64.Build.0 = Debug|x64
		{21EEBE77-552E-4604-8880-861A6682D37A}.Debug|x86.ActiveCfg = Debug|Any CPU
		{21EEBE77-552E-4604-8880-861A6682D37A}.Debug|x86.Build.0 = Debug|Any CPU
		{21EEBE77-552E-4604-8880-861A6682D37A}.Release|Any CPU.ActiveCfg = Release|Any CPU
		{21EEBE77-552E-4604-8880-861A6682D37A}.Release|Any CPU.Build.0 = Release|Any CPU
		{21EEBE77-552E-4604-8880-861A6682D37A}.Release|x64.ActiveCfg = Release|Any CPU
		{21EEBE77-552E-4604-8880-861A6682D37A}.Release|x64.Build.0 = Release|Any CPU
		{21EEBE77-552E-4604-8880-861A6682D37A}.Release|x86.ActiveCfg = Release|Any CPU
		{21EEBE77-552E-4604-8880-861A6682D37A}.Release|x86.Build.0 = Release|Any CPU
		{21EEBE77-552E-4604-8880-861A6682D37A}.Release-x86|Any CPU.ActiveCfg = Release|Any CPU
		{21EEBE77-552E-4604-8880-861A6682D37A}.Release-x86|Any CPU.Build.0 = Release|Any CPU
		{21EEBE77-552E-4604-8880-861A6682D37A}.Release-x86|x64.ActiveCfg = Release|Any CPU
		{21EEBE77-552E-4604-8880-861A6682D37A}.Release-x86|x64.Build.0 = Release|Any CPU
		{21EEBE77-552E-4604-8880-861A6682D37A}.Release-x86|x86.ActiveCfg = Release|Any CPU
		{21EEBE77-552E-4604-8880-861A6682D37A}.Release-x86|x86.Build.0 = Release|Any CPU
		{F8D645AA-9042-414D-AD56-2B0A1C49E179}.Debug|Any CPU.ActiveCfg = Debug|Any CPU
		{F8D645AA-9042-414D-AD56-2B0A1C49E179}.Debug|Any CPU.Build.0 = Debug|Any CPU
		{F8D645AA-9042-414D-AD56-2B0A1C49E179}.Debug|x64.ActiveCfg = Debug|x64
		{F8D645AA-9042-414D-AD56-2B0A1C49E179}.Debug|x64.Build.0 = Debug|x64
		{F8D645AA-9042-414D-AD56-2B0A1C49E179}.Debug|x86.ActiveCfg = Debug|Any CPU
		{F8D645AA-9042-414D-AD56-2B0A1C49E179}.Debug|x86.Build.0 = Debug|Any CPU
		{F8D645AA-9042-414D-AD56-2B0A1C49E179}.Release|Any CPU.ActiveCfg = Release|Any CPU
		{F8D645AA-9042-414D-AD56-2B0A1C49E179}.Release|Any CPU.Build.0 = Release|Any CPU
		{F8D645AA-9042-414D-AD56-2B0A1C49E179}.Release|x64.ActiveCfg = Release|Any CPU
		{F8D645AA-9042-414D-AD56-2B0A1C49E179}.Release|x64.Build.0 = Release|Any CPU
		{F8D645AA-9042-414D-AD56-2B0A1C49E179}.Release|x86.ActiveCfg = Release|Any CPU
		{F8D645AA-9042-414D-AD56-2B0A1C49E179}.Release|x86.Build.0 = Release|Any CPU
		{F8D645AA-9042-414D-AD56-2B0A1C49E179}.Release-x86|Any CPU.ActiveCfg = Release-x86|Any CPU
		{F8D645AA-9042-414D-AD56-2B0A1C49E179}.Release-x86|Any CPU.Build.0 = Release-x86|Any CPU
		{F8D645AA-9042-414D-AD56-2B0A1C49E179}.Release-x86|x64.ActiveCfg = Release-x86|Any CPU
		{F8D645AA-9042-414D-AD56-2B0A1C49E179}.Release-x86|x64.Build.0 = Release-x86|Any CPU
		{F8D645AA-9042-414D-AD56-2B0A1C49E179}.Release-x86|x86.ActiveCfg = Release-x86|Any CPU
		{F8D645AA-9042-414D-AD56-2B0A1C49E179}.Release-x86|x86.Build.0 = Release-x86|Any CPU
		{FC9BAC3A-BFA0-4341-9C26-F5CABBE9C30D}.Debug|Any CPU.ActiveCfg = Debug|Any CPU
		{FC9BAC3A-BFA0-4341-9C26-F5CABBE9C30D}.Debug|Any CPU.Build.0 = Debug|Any CPU
		{FC9BAC3A-BFA0-4341-9C26-F5CABBE9C30D}.Debug|x64.ActiveCfg = Debug|x64
		{FC9BAC3A-BFA0-4341-9C26-F5CABBE9C30D}.Debug|x64.Build.0 = Debug|x64
		{FC9BAC3A-BFA0-4341-9C26-F5CABBE9C30D}.Debug|x86.ActiveCfg = Debug|Any CPU
		{FC9BAC3A-BFA0-4341-9C26-F5CABBE9C30D}.Debug|x86.Build.0 = Debug|Any CPU
		{FC9BAC3A-BFA0-4341-9C26-F5CABBE9C30D}.Release|Any CPU.ActiveCfg = Release|Any CPU
		{FC9BAC3A-BFA0-4341-9C26-F5CABBE9C30D}.Release|Any CPU.Build.0 = Release|Any CPU
		{FC9BAC3A-BFA0-4341-9C26-F5CABBE9C30D}.Release|x64.ActiveCfg = Release|Any CPU
		{FC9BAC3A-BFA0-4341-9C26-F5CABBE9C30D}.Release|x64.Build.0 = Release|Any CPU
		{FC9BAC3A-BFA0-4341-9C26-F5CABBE9C30D}.Release|x86.ActiveCfg = Release|Any CPU
		{FC9BAC3A-BFA0-4341-9C26-F5CABBE9C30D}.Release|x86.Build.0 = Release|Any CPU
		{FC9BAC3A-BFA0-4341-9C26-F5CABBE9C30D}.Release-x86|Any CPU.ActiveCfg = Release|Any CPU
		{FC9BAC3A-BFA0-4341-9C26-F5CABBE9C30D}.Release-x86|Any CPU.Build.0 = Release|Any CPU
		{FC9BAC3A-BFA0-4341-9C26-F5CABBE9C30D}.Release-x86|x64.ActiveCfg = Release|Any CPU
		{FC9BAC3A-BFA0-4341-9C26-F5CABBE9C30D}.Release-x86|x64.Build.0 = Release|Any CPU
		{FC9BAC3A-BFA0-4341-9C26-F5CABBE9C30D}.Release-x86|x86.ActiveCfg = Release|Any CPU
		{FC9BAC3A-BFA0-4341-9C26-F5CABBE9C30D}.Release-x86|x86.Build.0 = Release|Any CPU
		{22C672E3-6733-4568-AEBE-0E9705BA2312}.Debug|Any CPU.ActiveCfg = Debug|Any CPU
		{22C672E3-6733-4568-AEBE-0E9705BA2312}.Debug|Any CPU.Build.0 = Debug|Any CPU
		{22C672E3-6733-4568-AEBE-0E9705BA2312}.Debug|x64.ActiveCfg = Debug|Any CPU
		{22C672E3-6733-4568-AEBE-0E9705BA2312}.Debug|x64.Build.0 = Debug|Any CPU
		{22C672E3-6733-4568-AEBE-0E9705BA2312}.Debug|x86.ActiveCfg = Debug|Any CPU
		{22C672E3-6733-4568-AEBE-0E9705BA2312}.Debug|x86.Build.0 = Debug|Any CPU
		{22C672E3-6733-4568-AEBE-0E9705BA2312}.Release|Any CPU.ActiveCfg = Release|Any CPU
		{22C672E3-6733-4568-AEBE-0E9705BA2312}.Release|Any CPU.Build.0 = Release|Any CPU
		{22C672E3-6733-4568-AEBE-0E9705BA2312}.Release|x64.ActiveCfg = Release|Any CPU
		{22C672E3-6733-4568-AEBE-0E9705BA2312}.Release|x64.Build.0 = Release|Any CPU
		{22C672E3-6733-4568-AEBE-0E9705BA2312}.Release|x86.ActiveCfg = Release|Any CPU
		{22C672E3-6733-4568-AEBE-0E9705BA2312}.Release|x86.Build.0 = Release|Any CPU
		{22C672E3-6733-4568-AEBE-0E9705BA2312}.Release-x86|Any CPU.ActiveCfg = Release|Any CPU
		{22C672E3-6733-4568-AEBE-0E9705BA2312}.Release-x86|Any CPU.Build.0 = Release|Any CPU
		{22C672E3-6733-4568-AEBE-0E9705BA2312}.Release-x86|x64.ActiveCfg = Release|Any CPU
		{22C672E3-6733-4568-AEBE-0E9705BA2312}.Release-x86|x64.Build.0 = Release|Any CPU
		{22C672E3-6733-4568-AEBE-0E9705BA2312}.Release-x86|x86.ActiveCfg = Release|Any CPU
		{22C672E3-6733-4568-AEBE-0E9705BA2312}.Release-x86|x86.Build.0 = Release|Any CPU
	EndGlobalSection
	GlobalSection(SolutionProperties) = preSolution
		HideSolutionNode = FALSE
	EndGlobalSection
	GlobalSection(ExtensibilityGlobals) = postSolution
		SolutionGuid = {6AE199B6-DCE0-42CF-B020-A9C3A861AFB5}
	EndGlobalSection
EndGlobal
